
Microsoft Visual Studio Solution File, Format Version 12.00
# Visual Studio Version 16
VisualStudioVersion = 16.0.31313.79
MinimumVisualStudioVersion = 10.0.40219.1
Project("{FAE04EC0-301F-11D3-BF4B-00C04F79EFBC}") = "FinanciamentoAPI", "FinanciamentoAPI\FinanciamentoAPI.csproj", "{21CFFD67-00CF-4393-9422-BBF3A478F8FA}"
EndProject
Global
	GlobalSection(SolutionConfigurationPlatforms) = preSolution
		Debug|Any CPU = Debug|Any CPU
		Release|Any CPU = Release|Any CPU
	EndGlobalSection
	GlobalSection(ProjectConfigurationPlatforms) = postSolution
		{21CFFD67-00CF-4393-9422-BBF3A478F8FA}.Debug|Any CPU.ActiveCfg = Debug|Any CPU
		{21CFFD67-00CF-4393-9422-BBF3A478F8FA}.Debug|Any CPU.Build.0 = Debug|Any CPU
		{21CFFD67-00CF-4393-9422-BBF3A478F8FA}.Release|Any CPU.ActiveCfg = Release|Any CPU
		{21CFFD67-00CF-4393-9422-BBF3A478F8FA}.Release|Any CPU.Build.0 = Release|Any CPU
	EndGlobalSection
	GlobalSection(SolutionProperties) = preSolution
		HideSolutionNode = FALSE
	EndGlobalSection
	GlobalSection(ExtensibilityGlobals) = postSolution
		SolutionGuid = {9A9955D8-3B6A-4C46-8C4E-016F1E3C8836}
	EndGlobalSection
EndGlobal
